
Microsoft Visual Studio Solution File, Format Version 12.00
# Visual Studio Version 17
VisualStudioVersion = 17.2.32630.192
MinimumVisualStudioVersion = 10.0.40219.1
Project("{FAE04EC0-301F-11D3-BF4B-00C04F79EFBC}") = "MyDailyCoffee2", "MyDailyCoffee2\MyDailyCoffee2.csproj", "{DC1CF847-D49B-4939-9FF8-F9344B1E96A3}"
EndProject
Global
	GlobalSection(SolutionConfigurationPlatforms) = preSolution
		Debug|Any CPU = Debug|Any CPU
		Release|Any CPU = Release|Any CPU
	EndGlobalSection
	GlobalSection(ProjectConfigurationPlatforms) = postSolution
		{DC1CF847-D49B-4939-9FF8-F9344B1E96A3}.Debug|Any CPU.ActiveCfg = Debug|Any CPU
		{DC1CF847-D49B-4939-9FF8-F9344B1E96A3}.Debug|Any CPU.Build.0 = Debug|Any CPU
		{DC1CF847-D49B-4939-9FF8-F9344B1E96A3}.Release|Any CPU.ActiveCfg = Release|Any CPU
		{DC1CF847-D49B-4939-9FF8-F9344B1E96A3}.Release|Any CPU.Build.0 = Release|Any CPU
	EndGlobalSection
	GlobalSection(SolutionProperties) = preSolution
		HideSolutionNode = FALSE
	EndGlobalSection
	GlobalSection(ExtensibilityGlobals) = postSolution
		SolutionGuid = {74A7EFAB-2F93-4FA9-8DA3-598448413F6B}
	EndGlobalSection
EndGlobal
